
Microsoft Visual Studio Solution File, Format Version 12.00
# Visual Studio 15
VisualStudioVersion = 15.0.27428.2015
MinimumVisualStudioVersion = 10.0.40219.1
Project("{FAE04EC0-301F-11D3-BF4B-00C04F79EFBC}") = "Сalculator", "Сalculator\Сalculator.csproj", "{14C3A00D-D3E0-454F-ADFB-15F54AE7B042}"
EndProject
Global
	GlobalSection(SolutionConfigurationPlatforms) = preSolution
		Debug|Any CPU = Debug|Any CPU
		Release|Any CPU = Release|Any CPU
	EndGlobalSection
	GlobalSection(ProjectConfigurationPlatforms) = postSolution
		{14C3A00D-D3E0-454F-ADFB-15F54AE7B042}.Debug|Any CPU.ActiveCfg = Debug|Any CPU
		{14C3A00D-D3E0-454F-ADFB-15F54AE7B042}.Debug|Any CPU.Build.0 = Debug|Any CPU
		{14C3A00D-D3E0-454F-ADFB-15F54AE7B042}.Release|Any CPU.ActiveCfg = Release|Any CPU
		{14C3A00D-D3E0-454F-ADFB-15F54AE7B042}.Release|Any CPU.Build.0 = Release|Any CPU
	EndGlobalSection
	GlobalSection(SolutionProperties) = preSolution
		HideSolutionNode = FALSE
	EndGlobalSection
	GlobalSection(ExtensibilityGlobals) = postSolution
		SolutionGuid = {B910D82A-4508-4E40-BD63-1D0140A7324A}
	EndGlobalSection
EndGlobal
